<?xml version="1.0" encoding="utf-8"?>
<Project ToolsVersion="4.0" xmlns="http://schemas.microsoft.com/developer/msbuild/2003">
  <ItemGroup>
    <ClInclude Include="stdafx.h">
      <Filter>Settings</Filter>
    </ClInclude>
    <ClInclude Include="targetver.h">
      <Filter>Settings</Filter>
    </ClInclude>
  </ItemGroup>
  <ItemGroup>
    <ClCompile Include="stdafx.cpp">
      <Filter>Settings</Filter>
    </ClCompile>
    <ClCompile Include="distributionUnitTests.cpp">
      <Filter>Source</Filter>
    </ClCompile>
    <ClCompile Include="graphicsUnitTests.cpp">
      <Filter>Source</Filter>
    </ClCompile>
    <ClCompile Include="beingDependenciesUnitTests.cpp">
      <Filter>Source</Filter>
    </ClCompile>
    <ClCompile Include="stepperUnitTests.cpp">
      <Filter>Source</Filter>
    </ClCompile>
  </ItemGroup>
  <ItemGroup>
    <Filter Include="Settings">
      <UniqueIdentifier>{6e44aed1-709f-4681-8842-b69eb25b2246}</UniqueIdentifier>
    </Filter>
    <Filter Include="Source">
      <UniqueIdentifier>{131d9fa3-bc7d-4a3d-b1f7-07865ed42243}</UniqueIdentifier>
    </Filter>
  </ItemGroup>
  <ItemGroup>
    <None Include="packages.config" />
  </ItemGroup>
</Project>